
Microsoft Visual Studio Solution File, Format Version 12.00
# Visual Studio Version 16
VisualStudioVersion = 16.0.30503.244
MinimumVisualStudioVersion = 10.0.40219.1
Project("{9A19103F-16F7-4668-BE54-9A1E7A4F7556}") = "FormToPDF", "FormToPDF\FormToPDF.csproj", "{B1C39D92-C377-4480-A017-FBCC88C53B7C}"
EndProject
Project("{9A19103F-16F7-4668-BE54-9A1E7A4F7556}") = "FormToPDF.Test", "FormToPDF.Tests\FormToPDF.Test.csproj", "{DD7B2790-DF46-4E50-A376-F48112CE1B72}"
EndProject
Global
	GlobalSection(SolutionConfigurationPlatforms) = preSolution
		Debug|Any CPU = Debug|Any CPU
		Release|Any CPU = Release|Any CPU
	EndGlobalSection
	GlobalSection(ProjectConfigurationPlatforms) = postSolution
		{B1C39D92-C377-4480-A017-FBCC88C53B7C}.Debug|Any CPU.ActiveCfg = Debug|Any CPU
		{B1C39D92-C377-4480-A017-FBCC88C53B7C}.Debug|Any CPU.Build.0 = Debug|Any CPU
		{B1C39D92-C377-4480-A017-FBCC88C53B7C}.Release|Any CPU.ActiveCfg = Release|Any CPU
		{B1C39D92-C377-4480-A017-FBCC88C53B7C}.Release|Any CPU.Build.0 = Release|Any CPU
		{DD7B2790-DF46-4E50-A376-F48112CE1B72}.Debug|Any CPU.ActiveCfg = Debug|Any CPU
		{DD7B2790-DF46-4E50-A376-F48112CE1B72}.Debug|Any CPU.Build.0 = Debug|Any CPU
		{DD7B2790-DF46-4E50-A376-F48112CE1B72}.Release|Any CPU.ActiveCfg = Release|Any CPU
		{DD7B2790-DF46-4E50-A376-F48112CE1B72}.Release|Any CPU.Build.0 = Release|Any CPU
	EndGlobalSection
	GlobalSection(SolutionProperties) = preSolution
		HideSolutionNode = FALSE
	EndGlobalSection
	GlobalSection(ExtensibilityGlobals) = postSolution
		SolutionGuid = {4776E89A-263D-4B76-9726-11F1EB038ADD}
	EndGlobalSection
EndGlobal
